
Microsoft Visual Studio Solution File, Format Version 12.00
# Visual Studio Version 16
VisualStudioVersion = 16.0.30011.22
MinimumVisualStudioVersion = 10.0.40219.1
Project("{FAE04EC0-301F-11D3-BF4B-00C04F79EFBC}") = "уП2V1", "уП2V1.csproj", "{FA6E01B4-D332-4677-BB6D-C164BBA36D13}"
EndProject
Global
	GlobalSection(SolutionConfigurationPlatforms) = preSolution
		Debug|Any CPU = Debug|Any CPU
		Release|Any CPU = Release|Any CPU
	EndGlobalSection
	GlobalSection(ProjectConfigurationPlatforms) = postSolution
		{FA6E01B4-D332-4677-BB6D-C164BBA36D13}.Debug|Any CPU.ActiveCfg = Debug|Any CPU
		{FA6E01B4-D332-4677-BB6D-C164BBA36D13}.Debug|Any CPU.Build.0 = Debug|Any CPU
		{FA6E01B4-D332-4677-BB6D-C164BBA36D13}.Release|Any CPU.ActiveCfg = Release|Any CPU
		{FA6E01B4-D332-4677-BB6D-C164BBA36D13}.Release|Any CPU.Build.0 = Release|Any CPU
	EndGlobalSection
	GlobalSection(SolutionProperties) = preSolution
		HideSolutionNode = FALSE
	EndGlobalSection
	GlobalSection(ExtensibilityGlobals) = postSolution
		SolutionGuid = {BD0E69DB-84C2-46CF-8B2E-7B6361D9E86A}
	EndGlobalSection
EndGlobal
